
Microsoft Visual Studio Solution File, Format Version 12.00
# Visual Studio Version 17
VisualStudioVersion = 17.2.32616.157
MinimumVisualStudioVersion = 10.0.40219.1
Project("{9A19103F-16F7-4668-BE54-9A1E7A4F7556}") = "MDApp", "MDApp\MDApp.csproj", "{FE76D639-5EF1-4377-A69B-FC66D81695E8}"
EndProject
Project("{9A19103F-16F7-4668-BE54-9A1E7A4F7556}") = "MDTests", "MDTests\MDTests.csproj", "{C361553F-1F16-4C1F-9E65-8FA443EAC355}"
EndProject
Project("{FAE04EC0-301F-11D3-BF4B-00C04F79EFBC}") = "MDGui", "MDGui\MDGui.csproj", "{9934410C-C55D-4FAF-9F2F-72AAFACA5E20}"
EndProject
Global
	GlobalSection(SolutionConfigurationPlatforms) = preSolution
		Debug|Any CPU = Debug|Any CPU
		Release|Any CPU = Release|Any CPU
	EndGlobalSection
	GlobalSection(ProjectConfigurationPlatforms) = postSolution
		{FE76D639-5EF1-4377-A69B-FC66D81695E8}.Debug|Any CPU.ActiveCfg = Debug|Any CPU
		{FE76D639-5EF1-4377-A69B-FC66D81695E8}.Debug|Any CPU.Build.0 = Debug|Any CPU
		{FE76D639-5EF1-4377-A69B-FC66D81695E8}.Release|Any CPU.ActiveCfg = Release|Any CPU
		{FE76D639-5EF1-4377-A69B-FC66D81695E8}.Release|Any CPU.Build.0 = Release|Any CPU
		{C361553F-1F16-4C1F-9E65-8FA443EAC355}.Debug|Any CPU.ActiveCfg = Debug|Any CPU
		{C361553F-1F16-4C1F-9E65-8FA443EAC355}.Debug|Any CPU.Build.0 = Debug|Any CPU
		{C361553F-1F16-4C1F-9E65-8FA443EAC355}.Release|Any CPU.ActiveCfg = Release|Any CPU
		{C361553F-1F16-4C1F-9E65-8FA443EAC355}.Release|Any CPU.Build.0 = Release|Any CPU
		{9934410C-C55D-4FAF-9F2F-72AAFACA5E20}.Debug|Any CPU.ActiveCfg = Debug|Any CPU
		{9934410C-C55D-4FAF-9F2F-72AAFACA5E20}.Debug|Any CPU.Build.0 = Debug|Any CPU
		{9934410C-C55D-4FAF-9F2F-72AAFACA5E20}.Release|Any CPU.ActiveCfg = Release|Any CPU
		{9934410C-C55D-4FAF-9F2F-72AAFACA5E20}.Release|Any CPU.Build.0 = Release|Any CPU
	EndGlobalSection
	GlobalSection(SolutionProperties) = preSolution
		HideSolutionNode = FALSE
	EndGlobalSection
	GlobalSection(ExtensibilityGlobals) = postSolution
		SolutionGuid = {A41F18A5-95A5-4EF5-B5B9-9F75250093F7}
	EndGlobalSection
EndGlobal
